
Microsoft Visual Studio Solution File, Format Version 12.00
# Visual Studio 2012
Project("{FAE04EC0-301F-11D3-BF4B-00C04F79EFBC}") = "Server", "Server\Server.csproj", "{EEC058AE-EA2B-44E1-96BD-F66B86D56718}"
EndProject
Project("{FAE04EC0-301F-11D3-BF4B-00C04F79EFBC}") = "Client", "Client\Client.csproj", "{BB32B188-D858-438D-8063-C028B91FE3B2}"
EndProject
Project("{FAE04EC0-301F-11D3-BF4B-00C04F79EFBC}") = "Common", "Common\Common.csproj", "{F3C6C774-9835-416B-A4DA-74D55CC61859}"
EndProject
Global
	GlobalSection(SolutionConfigurationPlatforms) = preSolution
		Debug|Any CPU = Debug|Any CPU
		Release|Any CPU = Release|Any CPU
	EndGlobalSection
	GlobalSection(ProjectConfigurationPlatforms) = postSolution
		{EEC058AE-EA2B-44E1-96BD-F66B86D56718}.Debug|Any CPU.ActiveCfg = Debug|Any CPU
		{EEC058AE-EA2B-44E1-96BD-F66B86D56718}.Debug|Any CPU.Build.0 = Debug|Any CPU
		{EEC058AE-EA2B-44E1-96BD-F66B86D56718}.Release|Any CPU.ActiveCfg = Release|Any CPU
		{EEC058AE-EA2B-44E1-96BD-F66B86D56718}.Release|Any CPU.Build.0 = Release|Any CPU
		{BB32B188-D858-438D-8063-C028B91FE3B2}.Debug|Any CPU.ActiveCfg = Debug|Any CPU
		{BB32B188-D858-438D-8063-C028B91FE3B2}.Debug|Any CPU.Build.0 = Debug|Any CPU
		{BB32B188-D858-438D-8063-C028B91FE3B2}.Release|Any CPU.ActiveCfg = Release|Any CPU
		{BB32B188-D858-438D-8063-C028B91FE3B2}.Release|Any CPU.Build.0 = Release|Any CPU
		{F3C6C774-9835-416B-A4DA-74D55CC61859}.Debug|Any CPU.ActiveCfg = Debug|Any CPU
		{F3C6C774-9835-416B-A4DA-74D55CC61859}.Debug|Any CPU.Build.0 = Debug|Any CPU
		{F3C6C774-9835-416B-A4DA-74D55CC61859}.Release|Any CPU.ActiveCfg = Release|Any CPU
		{F3C6C774-9835-416B-A4DA-74D55CC61859}.Release|Any CPU.Build.0 = Release|Any CPU
	EndGlobalSection
	GlobalSection(SolutionProperties) = preSolution
		HideSolutionNode = FALSE
	EndGlobalSection
EndGlobal
